{
  "name": "content-carousel-programmatic",
  "version": "1.0.0",
  "lockfileVersion": 1,
  "requires": true,
  "dependencies": {
    "@algolia/cache-browser-local-storage": {
      "version": "4.8.0",
      "resolved": "https://registry.npmjs.org/@algolia/cache-browser-local-storage/-/cache-browser-local-storage-4.8.0.tgz",
      "integrity": "sha512-VnI25yr+3LfCnHdp4YWWjdjtTseY3/hFwhp9vXBZLq+ZCbGpDiRjCNP9ZXLJELrtugk5tn2DpBGN2LWF4ZpKLg==",
      "requires": {
        "@algolia/cache-common": "4.8.0"
      }
    },
    "@algolia/cache-common": {
      "version": "4.8.0",
      "resolved": "https://registry.npmjs.org/@algolia/cache-common/-/cache-common-4.8.0.tgz",
      "integrity": "sha512-68WmVpHOFerjDh7AqUZdGdZF/wR1kEmDv1o32Gcty00BIfHLAo8YuA7ijoTPhJh4fGWwR2gYIybO/WOmFhwK5Q=="
    },
    "@algolia/cache-in-memory": {
      "version": "4.8.0",
      "resolved": "https://registry.npmjs.org/@algolia/cache-in-memory/-/cache-in-memory-4.8.0.tgz",
      "integrity": "sha512-m1uYLns8+PzlTy8xeXkM+p2sjFCJahYnrPj0s8ymU1bHgQC5qGp7rEz7o7zxElGYBeJ+f8tNiXrsnCnutASfNg==",
      "requires": {
        "@algolia/cache-common": "4.8.0"
      }
    },
    "@algolia/client-account": {
      "version": "4.8.0",
      "resolved": "https://registry.npmjs.org/@algolia/client-account/-/client-account-4.8.0.tgz",
      "integrity": "sha512-xNMfm7UPuPQpKtd5a2NB8j5LGockB4vsx+/0O9ZbboMKbDeucWa44CpXx7p0vPXW4SUgifCu7AFN//qXxIyxXg==",
      "requires": {
        "@algolia/client-common": "4.8.0",
        "@algolia/client-search": "4.8.0",
        "@algolia/transporter": "4.8.0"
      }
    },
    "@algolia/client-analytics": {
      "version": "4.8.0",
      "resolved": "https://registry.npmjs.org/@algolia/client-analytics/-/client-analytics-4.8.0.tgz",
      "integrity": "sha512-Zq+yjvN03E7sDvLer9NvGfab9WplckRCGjnyDcdk11rF1Bhht8adtbfyaO78Ftl2SujkvBMsnTF8THVf0Ewplg==",
      "requires": {
        "@algolia/client-common": "4.8.0",
        "@algolia/client-search": "4.8.0",
        "@algolia/requester-common": "4.8.0",
        "@algolia/transporter": "4.8.0"
      }
    },
    "@algolia/client-common": {
      "version": "4.8.0",
      "resolved": "https://registry.npmjs.org/@algolia/client-common/-/client-common-4.8.0.tgz",
      "integrity": "sha512-tjth4GICsY/V3gFtzebH7fS9V9/dlLdKpMgjbrNeIDo+rB3vJtBYwguhUrVLl2x2H0Hu5ffN26VclXRHFpwslg==",
      "requires": {
        "@algolia/requester-common": "4.8.0",
        "@algolia/transporter": "4.8.0"
      }
    },
    "@algolia/client-recommendation": {
      "version": "4.8.0",
      "resolved": "https://registry.npmjs.org/@algolia/client-recommendation/-/client-recommendation-4.8.0.tgz",
      "integrity": "sha512-HdKBNRYVrFhyX3oPZg+LT1peO7tMawFYtiMHGoHFyR0PHfqMIw305NAErV+jGo3WmLJuyt4ywNrTtQnwFd+YYw==",
      "requires": {
        "@algolia/client-common": "4.8.0",
        "@algolia/requester-common": "4.8.0",
        "@algolia/transporter": "4.8.0"
      }
    },
    "@algolia/client-search": {
      "version": "4.8.0",
      "resolved": "https://registry.npmjs.org/@algolia/client-search/-/client-search-4.8.0.tgz",
      "integrity": "sha512-emfW9q/uqO4FmB7vLipLk+O/m4BKsAZ7Yaaamawv35kw1HqfBdJZZbIUcg5aGz45SIUdA36WIuT7JiRdrCfxBA==",
      "requires": {
        "@algolia/client-common": "4.8.0",
        "@algolia/requester-common": "4.8.0",
        "@algolia/transporter": "4.8.0"
      }
    },
    "@algolia/logger-common": {
      "version": "4.8.0",
      "resolved": "https://registry.npmjs.org/@algolia/logger-common/-/logger-common-4.8.0.tgz",
      "integrity": "sha512-6kewiORcU2a56hJOo5+Q91SF2ynk5H89jmfnNsveHdl3PPaOKJSsb9tqIErOZyv911zeeK6bVTCHllYeeJkxsg=="
    },
    "@algolia/logger-console": {
      "version": "4.8.0",
      "resolved": "https://registry.npmjs.org/@algolia/logger-console/-/logger-console-4.8.0.tgz",
      "integrity": "sha512-K1E/ppSHo5+215tj2G2N4LNjQLYjh6NfRDlAD30x9M6BbTSDI8tf12CgiPBe6wmdj8IQLzA2+5od8MSZKBpUMA==",
      "requires": {
        "@algolia/logger-common": "4.8.0"
      }
    },
    "@algolia/requester-browser-xhr": {
      "version": "4.8.0",
      "resolved": "https://registry.npmjs.org/@algolia/requester-browser-xhr/-/requester-browser-xhr-4.8.0.tgz",
      "integrity": "sha512-BCKwuGQX+HujFeTpJdA9VwSFyjvmyz1wYdoYcCxgROWrM8QRCxxFvGUKCCjvkRf1vuqz/6xoSTsysZyKFkcjTA==",
      "requires": {
        "@algolia/requester-common": "4.8.0"
      }
    },
    "@algolia/requester-common": {
      "version": "4.8.0",
      "resolved": "https://registry.npmjs.org/@algolia/requester-common/-/requester-common-4.8.0.tgz",
      "integrity": "sha512-JKjlHPZU43rTcyvANHh5ctYRNXIZea2g5A33YPlrCXFJb3BBqS/H0ssFNyEwp8SJxJR3uUHl3m6DJpvuA7RtHg=="
    },
    "@algolia/requester-node-http": {
      "version": "4.8.0",
      "resolved": "https://registry.npmjs.org/@algolia/requester-node-http/-/requester-node-http-4.8.0.tgz",
      "integrity": "sha512-OSX00OXT/SWTmVwi7bkfSoGJdo9zwUHb1o0j71WbIdt8NH1KVZdC1mFfyRPp5mN2pi02brm3tv9NGNCeaLgLvQ==",
      "requires": {
        "@algolia/requester-common": "4.8.0"
      }
    },
    "@algolia/transporter": {
      "version": "4.8.0",
      "resolved": "https://registry.npmjs.org/@algolia/transporter/-/transporter-4.8.0.tgz",
      "integrity": "sha512-fYYXUMQ5avvW1a1vLdQX8qRiPxUv3C1+DAw0nWDqfhHAesQtgwsibRmuQV9XVs3hpmRwiZbavzD+dXbhkY/XCQ==",
      "requires": {
        "@algolia/cache-common": "4.8.0",
        "@algolia/logger-common": "4.8.0",
        "@algolia/requester-common": "4.8.0"
      }
    },
    "@types/googlemaps": {
      "version": "3.40.3",
      "resolved": "https://registry.npmjs.org/@types/googlemaps/-/googlemaps-3.40.3.tgz",
      "integrity": "sha512-ivlG5S0LlnQgpgPnQCUNAs7kjBtO367ZwDmuK+ggsQfW+w4N0RyWbxWZ6vPwegDe50Du3Xbb5+QVwJuB/U1XpA=="
    },
    "abbrev": {
      "version": "1.1.1",
      "resolved": "https://registry.npmjs.org/abbrev/-/abbrev-1.1.1.tgz",
      "integrity": "sha512-nne9/IiQ/hzIhY6pdDnbBtz7DjPTKrY00P/zvPSm5pOFkl6xuGrGnXn/VtTNNfNtAfZ9/1RtehkszU9qcTii0Q=="
    },
    "algoliasearch": {
      "version": "4.8.0",
      "resolved": "https://registry.npmjs.org/algoliasearch/-/algoliasearch-4.8.0.tgz",
      "integrity": "sha512-y2PisBS5323otDtuZuUJavk6AATBiq7M/lDryClRigpU3dHGGamtoN/8dDD4/giw38QV7dfw2LwogU6Xb4txmQ==",
      "requires": {
        "@algolia/cache-browser-local-storage": "4.8.0",
        "@algolia/cache-common": "4.8.0",
        "@algolia/cache-in-memory": "4.8.0",
        "@algolia/client-account": "4.8.0",
        "@algolia/client-analytics": "4.8.0",
        "@algolia/client-common": "4.8.0",
        "@algolia/client-recommendation": "4.8.0",
        "@algolia/client-search": "4.8.0",
        "@algolia/logger-common": "4.8.0",
        "@algolia/logger-console": "4.8.0",
        "@algolia/requester-browser-xhr": "4.8.0",
        "@algolia/requester-common": "4.8.0",
        "@algolia/requester-node-http": "4.8.0",
        "@algolia/transporter": "4.8.0"
      }
    },
    "algoliasearch-helper": {
      "version": "3.3.2",
      "resolved": "https://registry.npmjs.org/algoliasearch-helper/-/algoliasearch-helper-3.3.2.tgz",
      "integrity": "sha512-7NCTXL256Bnh0aVBP/FNba9orkpCJVjj98lYyrvFe0hs8lvrP8sVowznqntjeF5BNYqSgI5pEmTaq3iwXSK9jg==",
      "requires": {
        "events": "^1.1.1"
      }
    },
    "classnames": {
      "version": "2.2.6",
      "resolved": "https://registry.npmjs.org/classnames/-/classnames-2.2.6.tgz",
      "integrity": "sha512-JR/iSQOSt+LQIWwrwEzJ9uk0xfN3mTVYMwt1Ir5mUcSN6pU+V4zQFFaJsclJbPuAUQH+yfWef6tm7l1quW3C8Q=="
    },
    "events": {
      "version": "1.1.1",
      "resolved": "https://registry.npmjs.org/events/-/events-1.1.1.tgz",
      "integrity": "sha1-nr23Y1rQmccNzEwqH1AEKI6L2SQ="
    },
    "hogan.js": {
      "version": "3.0.2",
      "resolved": "https://registry.npmjs.org/hogan.js/-/hogan.js-3.0.2.tgz",
      "integrity": "sha1-TNnhq9QpQUbnZ55B14mHMrAse/0=",
      "requires": {
        "mkdirp": "0.3.0",
        "nopt": "1.0.10"
      }
    },
    "instantsearch.js": {
      "version": "4.8.7",
      "resolved": "https://registry.npmjs.org/instantsearch.js/-/instantsearch.js-4.8.7.tgz",
      "integrity": "sha512-oDl896TDB9PsfIGTQkzJ5tWXCiXBQJrBx80Cb/J2Q8s0N60hCGxXo5bSGobDKiSwRDge5uDwlslaGLksVZheng==",
      "requires": {
        "@types/googlemaps": "^3.39.6",
        "algoliasearch-helper": "^3.2.2",
        "classnames": "^2.2.5",
        "events": "^1.1.0",
        "hogan.js": "^3.0.2",
        "preact": "^10.0.0",
        "prop-types": "^15.5.10",
        "qs": "^6.5.1"
      }
    },
    "js-tokens": {
      "version": "4.0.0",
      "resolved": "https://registry.npmjs.org/js-tokens/-/js-tokens-4.0.0.tgz",
      "integrity": "sha512-RdJUflcE3cUzKiMqQgsCu06FPu9UdIJO0beYbPhHN4k6apgJtifcoCtT9bcxOpYBtpD2kCM6Sbzg4CausW/PKQ=="
    },
    "loose-envify": {
      "version": "1.4.0",
      "resolved": "https://registry.npmjs.org/loose-envify/-/loose-envify-1.4.0.tgz",
      "integrity": "sha512-lyuxPGr/Wfhrlem2CL/UcnUc1zcqKAImBDzukY7Y5F/yQiNdko6+fRLevlw1HgMySw7f611UIY408EtxRSoK3Q==",
      "requires": {
        "js-tokens": "^3.0.0 || ^4.0.0"
      }
    },
    "mkdirp": {
      "version": "0.3.0",
      "resolved": "https://registry.npmjs.org/mkdirp/-/mkdirp-0.3.0.tgz",
      "integrity": "sha1-G79asbqCevI1dRQ0kEJkVfSB/h4="
    },
    "nopt": {
      "version": "1.0.10",
      "resolved": "https://registry.npmjs.org/nopt/-/nopt-1.0.10.tgz",
      "integrity": "sha1-bd0hvSoxQXuScn3Vhfim83YI6+4=",
      "requires": {
        "abbrev": "1"
      }
    },
    "object-assign": {
      "version": "4.1.1",
      "resolved": "https://registry.npmjs.org/object-assign/-/object-assign-4.1.1.tgz",
      "integrity": "sha1-IQmtx5ZYh8/AXLvUQsrIv7s2CGM="
    },
    "preact": {
      "version": "10.5.7",
      "resolved": "https://registry.npmjs.org/preact/-/preact-10.5.7.tgz",
      "integrity": "sha512-4oEpz75t/0UNcwmcsjk+BIcDdk68oao+7kxcpc1hQPNs2Oo3ZL9xFz8UBf350mxk/VEdD41L5b4l2dE3Ug3RYg=="
    },
    "prop-types": {
      "version": "15.7.2",
      "resolved": "https://registry.npmjs.org/prop-types/-/prop-types-15.7.2.tgz",
      "integrity": "sha512-8QQikdH7//R2vurIJSutZ1smHYTcLpRWEOlHnzcWHmBYrOGUysKwSsrC89BCiFj3CbrfJ/nXFdJepOVrY1GCHQ==",
      "requires": {
        "loose-envify": "^1.4.0",
        "object-assign": "^4.1.1",
        "react-is": "^16.8.1"
      }
    },
    "qs": {
      "version": "6.9.4",
      "resolved": "https://registry.npmjs.org/qs/-/qs-6.9.4.tgz",
      "integrity": "sha512-A1kFqHekCTM7cz0udomYUoYNWjBebHm/5wzU/XqrBRBNWectVH0QIiN+NEcZ0Dte5hvzHwbr8+XQmguPhJ6WdQ=="
    },
    "react-is": {
      "version": "16.13.1",
      "resolved": "https://registry.npmjs.org/react-is/-/react-is-16.13.1.tgz",
      "integrity": "sha512-24e6ynE2H+OKt4kqsOvNd8kBpV65zoxbA4BVsEOB3ARVWQki/DHzaUoC5KuON/BiccDaCCTZBuOcfZs70kR8bQ=="
    }
  }
}
